
Microsoft Visual Studio Solution File, Format Version 12.00
# Visual Studio Version 17
VisualStudioVersion = 17.5.002.0
MinimumVisualStudioVersion = 10.0.40219.1
Project("{9A19103F-16F7-4668-BE54-9A1E7A4F7556}") = "Largest-Number", "Largest-Number.csproj", "{95B707B6-580D-49A6-8943-551A159F3DBF}"
EndProject
Global
	GlobalSection(SolutionConfigurationPlatforms) = preSolution
		Debug|Any CPU = Debug|Any CPU
		Release|Any CPU = Release|Any CPU
	EndGlobalSection
	GlobalSection(ProjectConfigurationPlatforms) = postSolution
		{95B707B6-580D-49A6-8943-551A159F3DBF}.Debug|Any CPU.ActiveCfg = Debug|Any CPU
		{95B707B6-580D-49A6-8943-551A159F3DBF}.Debug|Any CPU.Build.0 = Debug|Any CPU
		{95B707B6-580D-49A6-8943-551A159F3DBF}.Release|Any CPU.ActiveCfg = Release|Any CPU
		{95B707B6-580D-49A6-8943-551A159F3DBF}.Release|Any CPU.Build.0 = Release|Any CPU
	EndGlobalSection
	GlobalSection(SolutionProperties) = preSolution
		HideSolutionNode = FALSE
	EndGlobalSection
	GlobalSection(ExtensibilityGlobals) = postSolution
		SolutionGuid = {9D4B41AB-D7FD-4B51-885D-6047C825061E}
	EndGlobalSection
EndGlobal
